
Microsoft Visual Studio Solution File, Format Version 12.00
# Visual Studio Version 16
VisualStudioVersion = 16.0.29519.181
MinimumVisualStudioVersion = 10.0.40219.1
Project("{FAE04EC0-301F-11D3-BF4B-00C04F79EFBC}") = "NehaFarmHouse", "NehaFarmHouse.csproj", "{F6CB5004-0B73-4D0C-846B-CB1D66C16D54}"
EndProject
Global
	GlobalSection(SolutionConfigurationPlatforms) = preSolution
		Debug|Any CPU = Debug|Any CPU
		Release|Any CPU = Release|Any CPU
	EndGlobalSection
	GlobalSection(ProjectConfigurationPlatforms) = postSolution
		{F6CB5004-0B73-4D0C-846B-CB1D66C16D54}.Debug|Any CPU.ActiveCfg = Debug|Any CPU
		{F6CB5004-0B73-4D0C-846B-CB1D66C16D54}.Debug|Any CPU.Build.0 = Debug|Any CPU
		{F6CB5004-0B73-4D0C-846B-CB1D66C16D54}.Release|Any CPU.ActiveCfg = Release|Any CPU
		{F6CB5004-0B73-4D0C-846B-CB1D66C16D54}.Release|Any CPU.Build.0 = Release|Any CPU
	EndGlobalSection
	GlobalSection(SolutionProperties) = preSolution
		HideSolutionNode = FALSE
	EndGlobalSection
	GlobalSection(ExtensibilityGlobals) = postSolution
		SolutionGuid = {A1C22C5B-4944-4C8F-AE5B-A48E29F4A87B}
	EndGlobalSection
EndGlobal
